// !$*UTF8*$!
{
	archiveVersion = 1;
	classes = {
	};
	objectVersion = 50;
	objects = {

/* Begin PBXBuildFile section */
		01E790472AB458EC39B11075 /* Pods_EssModel.framework in Frameworks */ = {isa = PBXBuildFile; fileRef = 44395D71DC1FA8821C5E4A94 /* Pods_EssModel.framework */; };
		34B1442521D3DE2C00EC06AE /* TransactionType.swift in Sources */ = {isa = PBXBuildFile; fileRef = 34B1440821D3DE2C00EC06AE /* TransactionType.swift */; };
		34B1442621D3DE2C00EC06AE /* ViewTransaction.swift in Sources */ = {isa = PBXBuildFile; fileRef = 34B1440921D3DE2C00EC06AE /* ViewTransaction.swift */; };
		34B1442721D3DE2C00EC06AE /* TransactionStatus.swift in Sources */ = {isa = PBXBuildFile; fileRef = 34B1440A21D3DE2C00EC06AE /* TransactionStatus.swift */; };
		34B1442821D3DE2C00EC06AE /* UserEvents.swift in Sources */ = {isa = PBXBuildFile; fileRef = 34B1440C21D3DE2C00EC06AE /* UserEvents.swift */; };
		34B1442921D3DE2C00EC06AE /* UserWallet.swift in Sources */ = {isa = PBXBuildFile; fileRef = 34B1440D21D3DE2C00EC06AE /* UserWallet.swift */; };
		34B1442A21D3DE2C00EC06AE /* UserProfile.swift in Sources */ = {isa = PBXBuildFile; fileRef = 34B1440E21D3DE2C00EC06AE /* UserProfile.swift */; };
		34B1442B21D3DE2C00EC06AE /* User.swift in Sources */ = {isa = PBXBuildFile; fileRef = 34B1440F21D3DE2C00EC06AE /* User.swift */; };
		34B1442C21D3DE2C00EC06AE /* UserBackup.swift in Sources */ = {isa = PBXBuildFile; fileRef = 34B1441021D3DE2C00EC06AE /* UserBackup.swift */; };
		34B1442D21D3DE2C00EC06AE /* Error.swift in Sources */ = {isa = PBXBuildFile; fileRef = 34B1441121D3DE2C00EC06AE /* Error.swift */; };
		34B1442E21D3DE2C00EC06AE /* LocalizationLanguage.swift in Sources */ = {isa = PBXBuildFile; fileRef = 34B1441321D3DE2C00EC06AE /* LocalizationLanguage.swift */; };
		34B1442F21D3DE2C00EC06AE /* MnemonicLanguage.swift in Sources */ = {isa = PBXBuildFile; fileRef = 34B1441421D3DE2C00EC06AE /* MnemonicLanguage.swift */; };
		34B1443021D3DE2C00EC06AE /* Currencies.swift in Sources */ = {isa = PBXBuildFile; fileRef = 34B1441521D3DE2C00EC06AE /* Currencies.swift */; };
		34B1443121D3DE2C00EC06AE /* Coin.swift in Sources */ = {isa = PBXBuildFile; fileRef = 34B1441821D3DE2C00EC06AE /* Coin.swift */; };
		34B1443221D3DE2C00EC06AE /* TokenIcons.swift in Sources */ = {isa = PBXBuildFile; fileRef = 34B1441921D3DE2C00EC06AE /* TokenIcons.swift */; };
		34B1443321D3DE2C00EC06AE /* Token.swift in Sources */ = {isa = PBXBuildFile; fileRef = 34B1441A21D3DE2C00EC06AE /* Token.swift */; };
		34B1443421D3DE2C00EC06AE /* AssetInterface.swift in Sources */ = {isa = PBXBuildFile; fileRef = 34B1441B21D3DE2C00EC06AE /* AssetInterface.swift */; };
		34B1443521D3DE2C00EC06AE /* ViewWalletInterface.swift in Sources */ = {isa = PBXBuildFile; fileRef = 34B1441D21D3DE2C00EC06AE /* ViewWalletInterface.swift */; };
		34B1443621D3DE2C00EC06AE /* WalletInterface.swift in Sources */ = {isa = PBXBuildFile; fileRef = 34B1441E21D3DE2C00EC06AE /* WalletInterface.swift */; };
		34B1443721D3DE2C00EC06AE /* TokenWallet.swift in Sources */ = {isa = PBXBuildFile; fileRef = 34B1441F21D3DE2C00EC06AE /* TokenWallet.swift */; };
		34B1443821D3DE2C00EC06AE /* GeneratingWalletInfo.swift in Sources */ = {isa = PBXBuildFile; fileRef = 34B1442021D3DE2C00EC06AE /* GeneratingWalletInfo.swift */; };
		34B1443921D3DE2C00EC06AE /* ImportedWallet.swift in Sources */ = {isa = PBXBuildFile; fileRef = 34B1442121D3DE2C00EC06AE /* ImportedWallet.swift */; };
		34B1443A21D3DE2C00EC06AE /* AssetsRank.swift in Sources */ = {isa = PBXBuildFile; fileRef = 34B1442321D3DE2C00EC06AE /* AssetsRank.swift */; };
		34B1443B21D3DE2C00EC06AE /* AssetPrice.swift in Sources */ = {isa = PBXBuildFile; fileRef = 34B1442421D3DE2C00EC06AE /* AssetPrice.swift */; };
		34B1443E21D3DE8B00EC06AE /* BackupType.swift in Sources */ = {isa = PBXBuildFile; fileRef = 34B1443D21D3DE8B00EC06AE /* BackupType.swift */; };
		34B1444121D3DF2000EC06AE /* DateFormat.swift in Sources */ = {isa = PBXBuildFile; fileRef = 34B1444021D3DF2000EC06AE /* DateFormat.swift */; };
/* End PBXBuildFile section */

/* Begin PBXCopyFilesBuildPhase section */
		34B143FA21D3DDA700EC06AE /* CopyFiles */ = {
			isa = PBXCopyFilesBuildPhase;
			buildActionMask = 2147483647;
			dstPath = "include/$(PRODUCT_NAME)";
			dstSubfolderSpec = 16;
			files = (
			);
			runOnlyForDeploymentPostprocessing = 0;
		};
/* End PBXCopyFilesBuildPhase section */

/* Begin PBXFileReference section */
		34B143FC21D3DDA700EC06AE /* libEssModel.a */ = {isa = PBXFileReference; explicitFileType = archive.ar; includeInIndex = 0; path = libEssModel.a; sourceTree = BUILT_PRODUCTS_DIR; };
		34B1440621D3DE2B00EC06AE /* EssModel-Bridging-Header.h */ = {isa = PBXFileReference; lastKnownFileType = sourcecode.c.h; path = "EssModel-Bridging-Header.h"; sourceTree = "<group>"; };
		34B1440821D3DE2C00EC06AE /* TransactionType.swift */ = {isa = PBXFileReference; fileEncoding = 4; lastKnownFileType = sourcecode.swift; path = TransactionType.swift; sourceTree = "<group>"; };
		34B1440921D3DE2C00EC06AE /* ViewTransaction.swift */ = {isa = PBXFileReference; fileEncoding = 4; lastKnownFileType = sourcecode.swift; path = ViewTransaction.swift; sourceTree = "<group>"; };
		34B1440A21D3DE2C00EC06AE /* TransactionStatus.swift */ = {isa = PBXFileReference; fileEncoding = 4; lastKnownFileType = sourcecode.swift; path = TransactionStatus.swift; sourceTree = "<group>"; };
		34B1440C21D3DE2C00EC06AE /* UserEvents.swift */ = {isa = PBXFileReference; fileEncoding = 4; lastKnownFileType = sourcecode.swift; path = UserEvents.swift; sourceTree = "<group>"; };
		34B1440D21D3DE2C00EC06AE /* UserWallet.swift */ = {isa = PBXFileReference; fileEncoding = 4; lastKnownFileType = sourcecode.swift; path = UserWallet.swift; sourceTree = "<group>"; };
		34B1440E21D3DE2C00EC06AE /* UserProfile.swift */ = {isa = PBXFileReference; fileEncoding = 4; lastKnownFileType = sourcecode.swift; path = UserProfile.swift; sourceTree = "<group>"; };
		34B1440F21D3DE2C00EC06AE /* User.swift */ = {isa = PBXFileReference; fileEncoding = 4; lastKnownFileType = sourcecode.swift; path = User.swift; sourceTree = "<group>"; };
		34B1441021D3DE2C00EC06AE /* UserBackup.swift */ = {isa = PBXFileReference; fileEncoding = 4; lastKnownFileType = sourcecode.swift; path = UserBackup.swift; sourceTree = "<group>"; };
		34B1441121D3DE2C00EC06AE /* Error.swift */ = {isa = PBXFileReference; fileEncoding = 4; lastKnownFileType = sourcecode.swift; path = Error.swift; sourceTree = "<group>"; };
		34B1441321D3DE2C00EC06AE /* LocalizationLanguage.swift */ = {isa = PBXFileReference; fileEncoding = 4; lastKnownFileType = sourcecode.swift; path = LocalizationLanguage.swift; sourceTree = "<group>"; };
		34B1441421D3DE2C00EC06AE /* MnemonicLanguage.swift */ = {isa = PBXFileReference; fileEncoding = 4; lastKnownFileType = sourcecode.swift; path = MnemonicLanguage.swift; sourceTree = "<group>"; };
		34B1441521D3DE2C00EC06AE /* Currencies.swift */ = {isa = PBXFileReference; fileEncoding = 4; lastKnownFileType = sourcecode.swift; path = Currencies.swift; sourceTree = "<group>"; };
		34B1441821D3DE2C00EC06AE /* Coin.swift */ = {isa = PBXFileReference; fileEncoding = 4; lastKnownFileType = sourcecode.swift; path = Coin.swift; sourceTree = "<group>"; };
		34B1441921D3DE2C00EC06AE /* TokenIcons.swift */ = {isa = PBXFileReference; fileEncoding = 4; lastKnownFileType = sourcecode.swift; path = TokenIcons.swift; sourceTree = "<group>"; };
		34B1441A21D3DE2C00EC06AE /* Token.swift */ = {isa = PBXFileReference; fileEncoding = 4; lastKnownFileType = sourcecode.swift; path = Token.swift; sourceTree = "<group>"; };
		34B1441B21D3DE2C00EC06AE /* AssetInterface.swift */ = {isa = PBXFileReference; fileEncoding = 4; lastKnownFileType = sourcecode.swift; path = AssetInterface.swift; sourceTree = "<group>"; };
		34B1441D21D3DE2C00EC06AE /* ViewWalletInterface.swift */ = {isa = PBXFileReference; fileEncoding = 4; lastKnownFileType = sourcecode.swift; path = ViewWalletInterface.swift; sourceTree = "<group>"; };
		34B1441E21D3DE2C00EC06AE /* WalletInterface.swift */ = {isa = PBXFileReference; fileEncoding = 4; lastKnownFileType = sourcecode.swift; path = WalletInterface.swift; sourceTree = "<group>"; };
		34B1441F21D3DE2C00EC06AE /* TokenWallet.swift */ = {isa = PBXFileReference; fileEncoding = 4; lastKnownFileType = sourcecode.swift; path = TokenWallet.swift; sourceTree = "<group>"; };
		34B1442021D3DE2C00EC06AE /* GeneratingWalletInfo.swift */ = {isa = PBXFileReference; fileEncoding = 4; lastKnownFileType = sourcecode.swift; path = GeneratingWalletInfo.swift; sourceTree = "<group>"; };
		34B1442121D3DE2C00EC06AE /* ImportedWallet.swift */ = {isa = PBXFileReference; fileEncoding = 4; lastKnownFileType = sourcecode.swift; path = ImportedWallet.swift; sourceTree = "<group>"; };
		34B1442321D3DE2C00EC06AE /* AssetsRank.swift */ = {isa = PBXFileReference; fileEncoding = 4; lastKnownFileType = sourcecode.swift; path = AssetsRank.swift; sourceTree = "<group>"; };
		34B1442421D3DE2C00EC06AE /* AssetPrice.swift */ = {isa = PBXFileReference; fileEncoding = 4; lastKnownFileType = sourcecode.swift; path = AssetPrice.swift; sourceTree = "<group>"; };
		34B1443D21D3DE8B00EC06AE /* BackupType.swift */ = {isa = PBXFileReference; lastKnownFileType = sourcecode.swift; path = BackupType.swift; sourceTree = "<group>"; };
		34B1444021D3DF2000EC06AE /* DateFormat.swift */ = {isa = PBXFileReference; lastKnownFileType = sourcecode.swift; path = DateFormat.swift; sourceTree = "<group>"; };
		44395D71DC1FA8821C5E4A94 /* Pods_EssModel.framework */ = {isa = PBXFileReference; explicitFileType = wrapper.framework; includeInIndex = 0; path = Pods_EssModel.framework; sourceTree = BUILT_PRODUCTS_DIR; };
		99180F335C2A8403F83689D9 /* Pods-EssModel.debug.xcconfig */ = {isa = PBXFileReference; includeInIndex = 1; lastKnownFileType = text.xcconfig; name = "Pods-EssModel.debug.xcconfig"; path = "../../Pods/Target Support Files/Pods-EssModel/Pods-EssModel.debug.xcconfig"; sourceTree = "<group>"; };
		C5DF018467B7DC8E34A8B234 /* Pods-EssModel.release.xcconfig */ = {isa = PBXFileReference; includeInIndex = 1; lastKnownFileType = text.xcconfig; name = "Pods-EssModel.release.xcconfig"; path = "../../Pods/Target Support Files/Pods-EssModel/Pods-EssModel.release.xcconfig"; sourceTree = "<group>"; };
/* End PBXFileReference section */

/* Begin PBXFrameworksBuildPhase section */
		34B143F921D3DDA700EC06AE /* Frameworks */ = {
			isa = PBXFrameworksBuildPhase;
			buildActionMask = 2147483647;
			files = (
				01E790472AB458EC39B11075 /* Pods_EssModel.framework in Frameworks */,
			);
			runOnlyForDeploymentPostprocessing = 0;
		};
/* End PBXFrameworksBuildPhase section */

/* Begin PBXGroup section */
		284BF88EF3021802206FF1D4 /* Frameworks */ = {
			isa = PBXGroup;
			children = (
				44395D71DC1FA8821C5E4A94 /* Pods_EssModel.framework */,
			);
			name = Frameworks;
			sourceTree = "<group>";
		};
		34B143F321D3DDA700EC06AE = {
			isa = PBXGroup;
			children = (
				34B143FE21D3DDA700EC06AE /* EssModel */,
				34B143FD21D3DDA700EC06AE /* Products */,
				CA34AF56E0EE8A5028F7B149 /* Pods */,
				284BF88EF3021802206FF1D4 /* Frameworks */,
			);
			sourceTree = "<group>";
		};
		34B143FD21D3DDA700EC06AE /* Products */ = {
			isa = PBXGroup;
			children = (
				34B143FC21D3DDA700EC06AE /* libEssModel.a */,
			);
			name = Products;
			sourceTree = "<group>";
		};
		34B143FE21D3DDA700EC06AE /* EssModel */ = {
			isa = PBXGroup;
			children = (
				34B1443F21D3DF1600EC06AE /* Formats */,
				34B1443C21D3DE7500EC06AE /* Backup */,
				34B1441221D3DE2C00EC06AE /* Auth */,
				34B1441121D3DE2C00EC06AE /* Error.swift */,
				34B1440721D3DE2C00EC06AE /* Transaction */,
				34B1440B21D3DE2C00EC06AE /* User */,
				34B1441621D3DE2C00EC06AE /* Wallet */,
				34B1440621D3DE2B00EC06AE /* EssModel-Bridging-Header.h */,
			);
			path = EssModel;
			sourceTree = "<group>";
		};
		34B1440721D3DE2C00EC06AE /* Transaction */ = {
			isa = PBXGroup;
			children = (
				34B1440821D3DE2C00EC06AE /* TransactionType.swift */,
				34B1440921D3DE2C00EC06AE /* ViewTransaction.swift */,
				34B1440A21D3DE2C00EC06AE /* TransactionStatus.swift */,
			);
			path = Transaction;
			sourceTree = "<group>";
		};
		34B1440B21D3DE2C00EC06AE /* User */ = {
			isa = PBXGroup;
			children = (
				34B1440C21D3DE2C00EC06AE /* UserEvents.swift */,
				34B1440D21D3DE2C00EC06AE /* UserWallet.swift */,
				34B1440E21D3DE2C00EC06AE /* UserProfile.swift */,
				34B1440F21D3DE2C00EC06AE /* User.swift */,
				34B1441021D3DE2C00EC06AE /* UserBackup.swift */,
			);
			path = User;
			sourceTree = "<group>";
		};
		34B1441221D3DE2C00EC06AE /* Auth */ = {
			isa = PBXGroup;
			children = (
				34B1441321D3DE2C00EC06AE /* LocalizationLanguage.swift */,
				34B1441421D3DE2C00EC06AE /* MnemonicLanguage.swift */,
				34B1441521D3DE2C00EC06AE /* Currencies.swift */,
			);
			path = Auth;
			sourceTree = "<group>";
		};
		34B1441621D3DE2C00EC06AE /* Wallet */ = {
			isa = PBXGroup;
			children = (
				34B1441721D3DE2C00EC06AE /* Asset */,
				34B1441C21D3DE2C00EC06AE /* Wallet */,
				34B1442221D3DE2C00EC06AE /* AssetsRanks */,
			);
			path = Wallet;
			sourceTree = "<group>";
		};
		34B1441721D3DE2C00EC06AE /* Asset */ = {
			isa = PBXGroup;
			children = (
				34B1441821D3DE2C00EC06AE /* Coin.swift */,
				34B1441921D3DE2C00EC06AE /* TokenIcons.swift */,
				34B1441A21D3DE2C00EC06AE /* Token.swift */,
				34B1441B21D3DE2C00EC06AE /* AssetInterface.swift */,
			);
			path = Asset;
			sourceTree = "<group>";
		};
		34B1441C21D3DE2C00EC06AE /* Wallet */ = {
			isa = PBXGroup;
			children = (
				34B1441D21D3DE2C00EC06AE /* ViewWalletInterface.swift */,
				34B1441E21D3DE2C00EC06AE /* WalletInterface.swift */,
				34B1441F21D3DE2C00EC06AE /* TokenWallet.swift */,
				34B1442021D3DE2C00EC06AE /* GeneratingWalletInfo.swift */,
				34B1442121D3DE2C00EC06AE /* ImportedWallet.swift */,
			);
			path = Wallet;
			sourceTree = "<group>";
		};
		34B1442221D3DE2C00EC06AE /* AssetsRanks */ = {
			isa = PBXGroup;
			children = (
				34B1442321D3DE2C00EC06AE /* AssetsRank.swift */,
				34B1442421D3DE2C00EC06AE /* AssetPrice.swift */,
			);
			path = AssetsRanks;
			sourceTree = "<group>";
		};
		34B1443C21D3DE7500EC06AE /* Backup */ = {
			isa = PBXGroup;
			children = (
				34B1443D21D3DE8B00EC06AE /* BackupType.swift */,
			);
			path = Backup;
			sourceTree = "<group>";
		};
		34B1443F21D3DF1600EC06AE /* Formats */ = {
			isa = PBXGroup;
			children = (
				34B1444021D3DF2000EC06AE /* DateFormat.swift */,
			);
			path = Formats;
			sourceTree = "<group>";
		};
		CA34AF56E0EE8A5028F7B149 /* Pods */ = {
			isa = PBXGroup;
			children = (
				99180F335C2A8403F83689D9 /* Pods-EssModel.debug.xcconfig */,
				C5DF018467B7DC8E34A8B234 /* Pods-EssModel.release.xcconfig */,
			);
			name = Pods;
			sourceTree = "<group>";
		};
/* End PBXGroup section */

/* Begin PBXNativeTarget section */
		34B143FB21D3DDA700EC06AE /* EssModel */ = {
			isa = PBXNativeTarget;
			buildConfigurationList = 34B1440321D3DDA700EC06AE /* Build configuration list for PBXNativeTarget "EssModel" */;
			buildPhases = (
				D15C18952C6C48C8A3B6003C /* [CP] Check Pods Manifest.lock */,
				34B143F821D3DDA700EC06AE /* Sources */,
				34B143F921D3DDA700EC06AE /* Frameworks */,
				34B143FA21D3DDA700EC06AE /* CopyFiles */,
			);
			buildRules = (
			);
			dependencies = (
			);
			name = EssModel;
			productName = EssModel;
			productReference = 34B143FC21D3DDA700EC06AE /* libEssModel.a */;
			productType = "com.apple.product-type.library.static";
		};
/* End PBXNativeTarget section */

/* Begin PBXProject section */
		34B143F421D3DDA700EC06AE /* Project object */ = {
			isa = PBXProject;
			attributes = {
				LastSwiftUpdateCheck = 1010;
				LastUpgradeCheck = 1010;
				ORGANIZATIONNAME = "Pavlo Boiko";
				TargetAttributes = {
					34B143FB21D3DDA700EC06AE = {
						CreatedOnToolsVersion = 10.1;
						LastSwiftMigration = 1010;
					};
				};
			};
			buildConfigurationList = 34B143F721D3DDA700EC06AE /* Build configuration list for PBXProject "EssModel" */;
			compatibilityVersion = "Xcode 9.3";
			developmentRegion = en;
			hasScannedForEncodings = 0;
			knownRegions = (
				en,
			);
			mainGroup = 34B143F321D3DDA700EC06AE;
			productRefGroup = 34B143FD21D3DDA700EC06AE /* Products */;
			projectDirPath = "";
			projectRoot = "";
			targets = (
				34B143FB21D3DDA700EC06AE /* EssModel */,
			);
		};
/* End PBXProject section */

/* Begin PBXShellScriptBuildPhase section */
		D15C18952C6C48C8A3B6003C /* [CP] Check Pods Manifest.lock */ = {
			isa = PBXShellScriptBuildPhase;
			buildActionMask = 2147483647;
			files = (
			);
			inputFileListPaths = (
			);
			inputPaths = (
				"${PODS_PODFILE_DIR_PATH}/Podfile.lock",
				"${PODS_ROOT}/Manifest.lock",
			);
			name = "[CP] Check Pods Manifest.lock";
			outputFileListPaths = (
			);
			outputPaths = (
				"$(DERIVED_FILE_DIR)/Pods-EssModel-checkManifestLockResult.txt",
			);
			runOnlyForDeploymentPostprocessing = 0;
			shellPath = /bin/sh;
			shellScript = "diff \"${PODS_PODFILE_DIR_PATH}/Podfile.lock\" \"${PODS_ROOT}/Manifest.lock\" > /dev/null\nif [ $? != 0 ] ; then\n    # print error to STDERR\n    echo \"error: The sandbox is not in sync with the Podfile.lock. Run 'pod install' or update your CocoaPods installation.\" >&2\n    exit 1\nfi\n# This output is used by Xcode 'outputs' to avoid re-running this script phase.\necho \"SUCCESS\" > \"${SCRIPT_OUTPUT_FILE_0}\"\n";
			showEnvVarsInLog = 0;
		};
/* End PBXShellScriptBuildPhase section */

/* Begin PBXSourcesBuildPhase section */
		34B143F821D3DDA700EC06AE /* Sources */ = {
			isa = PBXSourcesBuildPhase;
			buildActionMask = 2147483647;
			files = (
				34B1443A21D3DE2C00EC06AE /* AssetsRank.swift in Sources */,
				34B1443721D3DE2C00EC06AE /* TokenWallet.swift in Sources */,
				34B1443421D3DE2C00EC06AE /* AssetInterface.swift in Sources */,
				34B1442C21D3DE2C00EC06AE /* UserBackup.swift in Sources */,
				34B1442921D3DE2C00EC06AE /* UserWallet.swift in Sources */,
				34B1443B21D3DE2C00EC06AE /* AssetPrice.swift in Sources */,
				34B1442E21D3DE2C00EC06AE /* LocalizationLanguage.swift in Sources */,
				34B1443521D3DE2C00EC06AE /* ViewWalletInterface.swift in Sources */,
				34B1442521D3DE2C00EC06AE /* TransactionType.swift in Sources */,
				34B1442A21D3DE2C00EC06AE /* UserProfile.swift in Sources */,
				34B1442621D3DE2C00EC06AE /* ViewTransaction.swift in Sources */,
				34B1443E21D3DE8B00EC06AE /* BackupType.swift in Sources */,
				34B1443321D3DE2C00EC06AE /* Token.swift in Sources */,
				34B1443021D3DE2C00EC06AE /* Currencies.swift in Sources */,
				34B1444121D3DF2000EC06AE /* DateFormat.swift in Sources */,
				34B1442721D3DE2C00EC06AE /* TransactionStatus.swift in Sources */,
				34B1443921D3DE2C00EC06AE /* ImportedWallet.swift in Sources */,
				34B1443121D3DE2C00EC06AE /* Coin.swift in Sources */,
				34B1442F21D3DE2C00EC06AE /* MnemonicLanguage.swift in Sources */,
				34B1443821D3DE2C00EC06AE /* GeneratingWalletInfo.swift in Sources */,
				34B1443221D3DE2C00EC06AE /* TokenIcons.swift in Sources */,
				34B1442821D3DE2C00EC06AE /* UserEvents.swift in Sources */,
				34B1442D21D3DE2C00EC06AE /* Error.swift in Sources */,
				34B1443621D3DE2C00EC06AE /* WalletInterface.swift in Sources */,
				34B1442B21D3DE2C00EC06AE /* User.swift in Sources */,
			);
			runOnlyForDeploymentPostprocessing = 0;
		};
/* End PBXSourcesBuildPhase section */

/* Begin XCBuildConfiguration section */
		34B1440121D3DDA700EC06AE /* Debug */ = {
			isa = XCBuildConfiguration;
			buildSettings = {
				ALWAYS_SEARCH_USER_PATHS = NO;
				CLANG_ANALYZER_NONNULL = YES;
				CLANG_ANALYZER_NUMBER_OBJECT_CONVERSION = YES_AGGRESSIVE;
				CLANG_CXX_LANGUAGE_STANDARD = "gnu++14";
				CLANG_CXX_LIBRARY = "libc++";
				CLANG_ENABLE_MODULES = YES;
				CLANG_ENABLE_OBJC_ARC = YES;
				CLANG_ENABLE_OBJC_WEAK = YES;
				CLANG_WARN_BLOCK_CAPTURE_AUTORELEASING = YES;
				CLANG_WARN_BOOL_CONVERSION = YES;
				CLANG_WARN_COMMA = YES;
				CLANG_WARN_CONSTANT_CONVERSION = YES;
				CLANG_WARN_DEPRECATED_OBJC_IMPLEMENTATIONS = YES;
				CLANG_WARN_DIRECT_OBJC_ISA_USAGE = YES_ERROR;
				CLANG_WARN_DOCUMENTATION_COMMENTS = YES;
				CLANG_WARN_EMPTY_BODY = YES;
				CLANG_WARN_ENUM_CONVERSION = YES;
				CLANG_WARN_INFINITE_RECURSION = YES;
				CLANG_WARN_INT_CONVERSION = YES;
				CLANG_WARN_NON_LITERAL_NULL_CONVERSION = YES;
				CLANG_WARN_OBJC_IMPLICIT_RETAIN_SELF = YES;
				CLANG_WARN_OBJC_LITERAL_CONVERSION = YES;
				CLANG_WARN_OBJC_ROOT_CLASS = YES_ERROR;
				CLANG_WARN_RANGE_LOOP_ANALYSIS = YES;
				CLANG_WARN_STRICT_PROTOTYPES = YES;
				CLANG_WARN_SUSPICIOUS_MOVE = YES;
				CLANG_WARN_UNGUARDED_AVAILABILITY = YES_AGGRESSIVE;
				CLANG_WARN_UNREACHABLE_CODE = YES;
				CLANG_WARN__DUPLICATE_METHOD_MATCH = YES;
				CODE_SIGN_IDENTITY = "iPhone Developer";
				COPY_PHASE_STRIP = NO;
				DEBUG_INFORMATION_FORMAT = dwarf;
				ENABLE_STRICT_OBJC_MSGSEND = YES;
				ENABLE_TESTABILITY = YES;
				GCC_C_LANGUAGE_STANDARD = gnu11;
				GCC_DYNAMIC_NO_PIC = NO;
				GCC_NO_COMMON_BLOCKS = YES;
				GCC_OPTIMIZATION_LEVEL = 0;
				GCC_PREPROCESSOR_DEFINITIONS = (
					"DEBUG=1",
					"$(inherited)",
				);
				GCC_WARN_64_TO_32_BIT_CONVERSION = YES;
				GCC_WARN_ABOUT_RETURN_TYPE = YES_ERROR;
				GCC_WARN_UNDECLARED_SELECTOR = YES;
				GCC_WARN_UNINITIALIZED_AUTOS = YES_AGGRESSIVE;
				GCC_WARN_UNUSED_FUNCTION = YES;
				GCC_WARN_UNUSED_VARIABLE = YES;
				IPHONEOS_DEPLOYMENT_TARGET = 11.0;
				MTL_ENABLE_DEBUG_INFO = INCLUDE_SOURCE;
				MTL_FAST_MATH = YES;
				ONLY_ACTIVE_ARCH = YES;
				SDKROOT = iphoneos;
				SWIFT_ACTIVE_COMPILATION_CONDITIONS = DEBUG;
				SWIFT_OPTIMIZATION_LEVEL = "-Onone";
			};
			name = Debug;
		};
		34B1440221D3DDA700EC06AE /* Release */ = {
			isa = XCBuildConfiguration;
			buildSettings = {
				ALWAYS_SEARCH_USER_PATHS = NO;
				CLANG_ANALYZER_NONNULL = YES;
				CLANG_ANALYZER_NUMBER_OBJECT_CONVERSION = YES_AGGRESSIVE;
				CLANG_CXX_LANGUAGE_STANDARD = "gnu++14";
				CLANG_CXX_LIBRARY = "libc++";
				CLANG_ENABLE_MODULES = YES;
				CLANG_ENABLE_OBJC_ARC = YES;
				CLANG_ENABLE_OBJC_WEAK = YES;
				CLANG_WARN_BLOCK_CAPTURE_AUTORELEASING = YES;
				CLANG_WARN_BOOL_CONVERSION = YES;
				CLANG_WARN_COMMA = YES;
				CLANG_WARN_CONSTANT_CONVERSION = YES;
				CLANG_WARN_DEPRECATED_OBJC_IMPLEMENTATIONS = YES;
				CLANG_WARN_DIRECT_OBJC_ISA_USAGE = YES_ERROR;
				CLANG_WARN_DOCUMENTATION_COMMENTS = YES;
				CLANG_WARN_EMPTY_BODY = YES;
				CLANG_WARN_ENUM_CONVERSION = YES;
				CLANG_WARN_INFINITE_RECURSION = YES;
				CLANG_WARN_INT_CONVERSION = YES;
				CLANG_WARN_NON_LITERAL_NULL_CONVERSION = YES;
				CLANG_WARN_OBJC_IMPLICIT_RETAIN_SELF = YES;
				CLANG_WARN_OBJC_LITERAL_CONVERSION = YES;
				CLANG_WARN_OBJC_ROOT_CLASS = YES_ERROR;
				CLANG_WARN_RANGE_LOOP_ANALYSIS = YES;
				CLANG_WARN_STRICT_PROTOTYPES = YES;
				CLANG_WARN_SUSPICIOUS_MOVE = YES;
				CLANG_WARN_UNGUARDED_AVAILABILITY = YES_AGGRESSIVE;
				CLANG_WARN_UNREACHABLE_CODE = YES;
				CLANG_WARN__DUPLICATE_METHOD_MATCH = YES;
				CODE_SIGN_IDENTITY = "iPhone Developer";
				COPY_PHASE_STRIP = NO;
				DEBUG_INFORMATION_FORMAT = "dwarf-with-dsym";
				ENABLE_NS_ASSERTIONS = NO;
				ENABLE_STRICT_OBJC_MSGSEND = YES;
				GCC_C_LANGUAGE_STANDARD = gnu11;
				GCC_NO_COMMON_BLOCKS = YES;
				GCC_WARN_64_TO_32_BIT_CONVERSION = YES;
				GCC_WARN_ABOUT_RETURN_TYPE = YES_ERROR;
				GCC_WARN_UNDECLARED_SELECTOR = YES;
				GCC_WARN_UNINITIALIZED_AUTOS = YES_AGGRESSIVE;
				GCC_WARN_UNUSED_FUNCTION = YES;
				GCC_WARN_UNUSED_VARIABLE = YES;
				IPHONEOS_DEPLOYMENT_TARGET = 11.0;
				MTL_ENABLE_DEBUG_INFO = NO;
				MTL_FAST_MATH = YES;
				SDKROOT = iphoneos;
				SWIFT_COMPILATION_MODE = wholemodule;
				SWIFT_OPTIMIZATION_LEVEL = "-O";
				VALIDATE_PRODUCT = YES;
			};
			name = Release;
		};
		34B1440421D3DDA700EC06AE /* Debug */ = {
			isa = XCBuildConfiguration;
			baseConfigurationReference = 99180F335C2A8403F83689D9 /* Pods-EssModel.debug.xcconfig */;
			buildSettings = {
				CLANG_ENABLE_MODULES = YES;
				CODE_SIGN_STYLE = Automatic;
				DEVELOPMENT_TEAM = P8JA7643K4;
				LD_RUNPATH_SEARCH_PATHS = (
					"$(inherited)",
					"@executable_path/Frameworks",
					"@loader_path/Frameworks",
				);
				OTHER_LDFLAGS = "-ObjC";
				PRODUCT_NAME = "$(TARGET_NAME)";
				SKIP_INSTALL = YES;
				SWIFT_OBJC_BRIDGING_HEADER = "EssModel/EssModel-Bridging-Header.h";
				SWIFT_OPTIMIZATION_LEVEL = "-Onone";
				SWIFT_VERSION = 4.2;
				TARGETED_DEVICE_FAMILY = "1,2";
			};
			name = Debug;
		};
		34B1440521D3DDA700EC06AE /* Release */ = {
			isa = XCBuildConfiguration;
			baseConfigurationReference = C5DF018467B7DC8E34A8B234 /* Pods-EssModel.release.xcconfig */;
			buildSettings = {
				CLANG_ENABLE_MODULES = YES;
				CODE_SIGN_STYLE = Automatic;
				DEVELOPMENT_TEAM = P8JA7643K4;
				LD_RUNPATH_SEARCH_PATHS = (
					"$(inherited)",
					"@executable_path/Frameworks",
					"@loader_path/Frameworks",
				);
				OTHER_LDFLAGS = "-ObjC";
				PRODUCT_NAME = "$(TARGET_NAME)";
				SKIP_INSTALL = YES;
				SWIFT_OBJC_BRIDGING_HEADER = "EssModel/EssModel-Bridging-Header.h";
				SWIFT_VERSION = 4.2;
				TARGETED_DEVICE_FAMILY = "1,2";
			};
			name = Release;
		};
/* End XCBuildConfiguration section */

/* Begin XCConfigurationList section */
		34B143F721D3DDA700EC06AE /* Build configuration list for PBXProject "EssModel" */ = {
			isa = XCConfigurationList;
			buildConfigurations = (
				34B1440121D3DDA700EC06AE /* Debug */,
				34B1440221D3DDA700EC06AE /* Release */,
			);
			defaultConfigurationIsVisible = 0;
			defaultConfigurationName = Release;
		};
		34B1440321D3DDA700EC06AE /* Build configuration list for PBXNativeTarget "EssModel" */ = {
			isa = XCConfigurationList;
			buildConfigurations = (
				34B1440421D3DDA700EC06AE /* Debug */,
				34B1440521D3DDA700EC06AE /* Release */,
			);
			defaultConfigurationIsVisible = 0;
			defaultConfigurationName = Release;
		};
/* End XCConfigurationList section */
	};
	rootObject = 34B143F421D3DDA700EC06AE /* Project object */;
}
